// !$*UTF8*$!
{
	archiveVersion = 1;
	classes = {
	};
	objectVersion = 50;
	objects = {

/* Begin PBXBuildFile section */
		A6B04E2A27829EA800BD6628 /* AppDelegate.swift in Sources */ = {isa = PBXBuildFile; fileRef = A6B04E2927829EA800BD6628 /* AppDelegate.swift */; };
		A6B04E2C27829EA800BD6628 /* SceneDelegate.swift in Sources */ = {isa = PBXBuildFile; fileRef = A6B04E2B27829EA800BD6628 /* SceneDelegate.swift */; };
		A6B04E2E27829EA800BD6628 /* ContentView.swift in Sources */ = {isa = PBXBuildFile; fileRef = A6B04E2D27829EA800BD6628 /* ContentView.swift */; };
		A6B04E3027829EAA00BD6628 /* Assets.xcassets in Resources */ = {isa = PBXBuildFile; fileRef = A6B04E2F27829EAA00BD6628 /* Assets.xcassets */; };
		A6B04E3327829EAA00BD6628 /* Preview Assets.xcassets in Resources */ = {isa = PBXBuildFile; fileRef = A6B04E3227829EAA00BD6628 /* Preview Assets.xcassets */; };
		A6B04E3627829EAA00BD6628 /* LaunchScreen.storyboard in Resources */ = {isa = PBXBuildFile; fileRef = A6B04E3427829EAA00BD6628 /* LaunchScreen.storyboard */; };
/* End PBXBuildFile section */

/* Begin PBXFileReference section */
		A6B04E2627829EA800BD6628 /* HOGENT_Pokémon.app */ = {isa = PBXFileReference; explicitFileType = wrapper.application; includeInIndex = 0; path = "HOGENT_Pokémon.app"; sourceTree = BUILT_PRODUCTS_DIR; };
		A6B04E2927829EA800BD6628 /* AppDelegate.swift */ = {isa = PBXFileReference; lastKnownFileType = sourcecode.swift; path = AppDelegate.swift; sourceTree = "<group>"; };
		A6B04E2B27829EA800BD6628 /* SceneDelegate.swift */ = {isa = PBXFileReference; lastKnownFileType = sourcecode.swift; path = SceneDelegate.swift; sourceTree = "<group>"; };
		A6B04E2D27829EA800BD6628 /* ContentView.swift */ = {isa = PBXFileReference; lastKnownFileType = sourcecode.swift; path = ContentView.swift; sourceTree = "<group>"; };
		A6B04E2F27829EAA00BD6628 /* Assets.xcassets */ = {isa = PBXFileReference; lastKnownFileType = folder.assetcatalog; path = Assets.xcassets; sourceTree = "<group>"; };
		A6B04E3227829EAA00BD6628 /* Preview Assets.xcassets */ = {isa = PBXFileReference; lastKnownFileType = folder.assetcatalog; path = "Preview Assets.xcassets"; sourceTree = "<group>"; };
		A6B04E3527829EAA00BD6628 /* Base */ = {isa = PBXFileReference; lastKnownFileType = file.storyboard; name = Base; path = Base.lproj/LaunchScreen.storyboard; sourceTree = "<group>"; };
		A6B04E3727829EAA00BD6628 /* Info.plist */ = {isa = PBXFileReference; lastKnownFileType = text.plist.xml; path = Info.plist; sourceTree = "<group>"; };
/* End PBXFileReference section */

/* Begin PBXFrameworksBuildPhase section */
		A6B04E2327829EA800BD6628 /* Frameworks */ = {
			isa = PBXFrameworksBuildPhase;
			buildActionMask = 2147483647;
			files = (
			);
			runOnlyForDeploymentPostprocessing = 0;
		};
/* End PBXFrameworksBuildPhase section */

/* Begin PBXGroup section */
		A6B04E1D27829EA800BD6628 = {
			isa = PBXGroup;
			children = (
				A6B04E2827829EA800BD6628 /* HOGENT_Pokémon */,
				A6B04E2727829EA800BD6628 /* Products */,
			);
			sourceTree = "<group>";
		};
		A6B04E2727829EA800BD6628 /* Products */ = {
			isa = PBXGroup;
			children = (
				A6B04E2627829EA800BD6628 /* HOGENT_Pokémon.app */,
			);
			name = Products;
			sourceTree = "<group>";
		};
		A6B04E2827829EA800BD6628 /* HOGENT_Pokémon */ = {
			isa = PBXGroup;
			children = (
				A6B04E2927829EA800BD6628 /* AppDelegate.swift */,
				A6B04E2B27829EA800BD6628 /* SceneDelegate.swift */,
				A6B04E2D27829EA800BD6628 /* ContentView.swift */,
				A6B04E2F27829EAA00BD6628 /* Assets.xcassets */,
				A6B04E3427829EAA00BD6628 /* LaunchScreen.storyboard */,
				A6B04E3727829EAA00BD6628 /* Info.plist */,
				A6B04E3127829EAA00BD6628 /* Preview Content */,
			);
			path = "HOGENT_Pokémon";
			sourceTree = "<group>";
		};
		A6B04E3127829EAA00BD6628 /* Preview Content */ = {
			isa = PBXGroup;
			children = (
				A6B04E3227829EAA00BD6628 /* Preview Assets.xcassets */,
			);
			path = "Preview Content";
			sourceTree = "<group>";
		};
/* End PBXGroup section */

/* Begin PBXNativeTarget section */
		A6B04E2527829EA800BD6628 /* HOGENT_Pokémon */ = {
			isa = PBXNativeTarget;
			buildConfigurationList = A6B04E3A27829EAA00BD6628 /* Build configuration list for PBXNativeTarget "HOGENT_Pokémon" */;
			buildPhases = (
				A6B04E2227829EA800BD6628 /* Sources */,
				A6B04E2327829EA800BD6628 /* Frameworks */,
				A6B04E2427829EA800BD6628 /* Resources */,
			);
			buildRules = (
			);
			dependencies = (
			);
			name = "HOGENT_Pokémon";
			productName = "HOGENT_Pokémon";
			productReference = A6B04E2627829EA800BD6628 /* HOGENT_Pokémon.app */;
			productType = "com.apple.product-type.application";
		};
/* End PBXNativeTarget section */

/* Begin PBXProject section */
		A6B04E1E27829EA800BD6628 /* Project object */ = {
			isa = PBXProject;
			attributes = {
				LastSwiftUpdateCheck = 1150;
				LastUpgradeCheck = 1150;
				ORGANIZATIONNAME = LaurensVB;
				TargetAttributes = {
					A6B04E2527829EA800BD6628 = {
						CreatedOnToolsVersion = 11.5;
					};
				};
			};
			buildConfigurationList = A6B04E2127829EA800BD6628 /* Build configuration list for PBXProject "HOGENT_Pokémon" */;
			compatibilityVersion = "Xcode 9.3";
			developmentRegion = en;
			hasScannedForEncodings = 0;
			knownRegions = (
				en,
				Base,
			);
			mainGroup = A6B04E1D27829EA800BD6628;
			productRefGroup = A6B04E2727829EA800BD6628 /* Products */;
			projectDirPath = "";
			projectRoot = "";
			targets = (
				A6B04E2527829EA800BD6628 /* HOGENT_Pokémon */,
			);
		};
/* End PBXProject section */

/* Begin PBXResourcesBuildPhase section */
		A6B04E2427829EA800BD6628 /* Resources */ = {
			isa = PBXResourcesBuildPhase;
			buildActionMask = 2147483647;
			files = (
				A6B04E3627829EAA00BD6628 /* LaunchScreen.storyboard in Resources */,
				A6B04E3327829EAA00BD6628 /* Preview Assets.xcassets in Resources */,
				A6B04E3027829EAA00BD6628 /* Assets.xcassets in Resources */,
			);
			runOnlyForDeploymentPostprocessing = 0;
		};
/* End PBXResourcesBuildPhase section */

/* Begin PBXSourcesBuildPhase section */
		A6B04E2227829EA800BD6628 /* Sources */ = {
			isa = PBXSourcesBuildPhase;
			buildActionMask = 2147483647;
			files = (
				A6B04E2A27829EA800BD6628 /* AppDelegate.swift in Sources */,
				A6B04E2C27829EA800BD6628 /* SceneDelegate.swift in Sources */,
				A6B04E2E27829EA800BD6628 /* ContentView.swift in Sources */,
			);
			runOnlyForDeploymentPostprocessing = 0;
		};
/* End PBXSourcesBuildPhase section */

/* Begin PBXVariantGroup section */
		A6B04E3427829EAA00BD6628 /* LaunchScreen.storyboard */ = {
			isa = PBXVariantGroup;
			children = (
				A6B04E3527829EAA00BD6628 /* Base */,
			);
			name = LaunchScreen.storyboard;
			sourceTree = "<group>";
		};
/* End PBXVariantGroup section */

/* Begin XCBuildConfiguration section */
		A6B04E3827829EAA00BD6628 /* Debug */ = {
			isa = XCBuildConfiguration;
			buildSettings = {
				ALWAYS_SEARCH_USER_PATHS = NO;
				CLANG_ANALYZER_NONNULL = YES;
				CLANG_ANALYZER_NUMBER_OBJECT_CONVERSION = YES_AGGRESSIVE;
				CLANG_CXX_LANGUAGE_STANDARD = "gnu++14";
				CLANG_CXX_LIBRARY = "libc++";
				CLANG_ENABLE_MODULES = YES;
				CLANG_ENABLE_OBJC_ARC = YES;
				CLANG_ENABLE_OBJC_WEAK = YES;
				CLANG_WARN_BLOCK_CAPTURE_AUTORELEASING = YES;
				CLANG_WARN_BOOL_CONVERSION = YES;
				CLANG_WARN_COMMA = YES;
				CLANG_WARN_CONSTANT_CONVERSION = YES;
				CLANG_WARN_DEPRECATED_OBJC_IMPLEMENTATIONS = YES;
				CLANG_WARN_DIRECT_OBJC_ISA_USAGE = YES_ERROR;
				CLANG_WARN_DOCUMENTATION_COMMENTS = YES;
				CLANG_WARN_EMPTY_BODY = YES;
				CLANG_WARN_ENUM_CONVERSION = YES;
				CLANG_WARN_INFINITE_RECURSION = YES;
				CLANG_WARN_INT_CONVERSION = YES;
				CLANG_WARN_NON_LITERAL_NULL_CONVERSION = YES;
				CLANG_WARN_OBJC_IMPLICIT_RETAIN_SELF = YES;
				CLANG_WARN_OBJC_LITERAL_CONVERSION = YES;
				CLANG_WARN_OBJC_ROOT_CLASS = YES_ERROR;
				CLANG_WARN_RANGE_LOOP_ANALYSIS = YES;
				CLANG_WARN_STRICT_PROTOTYPES = YES;
				CLANG_WARN_SUSPICIOUS_MOVE = YES;
				CLANG_WARN_UNGUARDED_AVAILABILITY = YES_AGGRESSIVE;
				CLANG_WARN_UNREACHABLE_CODE = YES;
				CLANG_WARN__DUPLICATE_METHOD_MATCH = YES;
				COPY_PHASE_STRIP = NO;
				DEBUG_INFORMATION_FORMAT = dwarf;
				ENABLE_STRICT_OBJC_MSGSEND = YES;
				ENABLE_TESTABILITY = YES;
				GCC_C_LANGUAGE_STANDARD = gnu11;
				GCC_DYNAMIC_NO_PIC = NO;
				GCC_NO_COMMON_BLOCKS = YES;
				GCC_OPTIMIZATION_LEVEL = 0;
				GCC_PREPROCESSOR_DEFINITIONS = (
					"DEBUG=1",
					"$(inherited)",
				);
				GCC_WARN_64_TO_32_BIT_CONVERSION = YES;
				GCC_WARN_ABOUT_RETURN_TYPE = YES_ERROR;
				GCC_WARN_UNDECLARED_SELECTOR = YES;
				GCC_WARN_UNINITIALIZED_AUTOS = YES_AGGRESSIVE;
				GCC_WARN_UNUSED_FUNCTION = YES;
				GCC_WARN_UNUSED_VARIABLE = YES;
				IPHONEOS_DEPLOYMENT_TARGET = 13.5;
				MTL_ENABLE_DEBUG_INFO = INCLUDE_SOURCE;
				MTL_FAST_MATH = YES;
				ONLY_ACTIVE_ARCH = YES;
				SDKROOT = iphoneos;
				SWIFT_ACTIVE_COMPILATION_CONDITIONS = DEBUG;
				SWIFT_OPTIMIZATION_LEVEL = "-Onone";
			};
			name = Debug;
		};
		A6B04E3927829EAA00BD6628 /* Release */ = {
			isa = XCBuildConfiguration;
			buildSettings = {
				ALWAYS_SEARCH_USER_PATHS = NO;
				CLANG_ANALYZER_NONNULL = YES;
				CLANG_ANALYZER_NUMBER_OBJECT_CONVERSION = YES_AGGRESSIVE;
				CLANG_CXX_LANGUAGE_STANDARD = "gnu++14";
				CLANG_CXX_LIBRARY = "libc++";
				CLANG_ENABLE_MODULES = YES;
				CLANG_ENABLE_OBJC_ARC = YES;
				CLANG_ENABLE_OBJC_WEAK = YES;
				CLANG_WARN_BLOCK_CAPTURE_AUTORELEASING = YES;
				CLANG_WARN_BOOL_CONVERSION = YES;
				CLANG_WARN_COMMA = YES;
				CLANG_WARN_CONSTANT_CONVERSION = YES;
				CLANG_WARN_DEPRECATED_OBJC_IMPLEMENTATIONS = YES;
				CLANG_WARN_DIRECT_OBJC_ISA_USAGE = YES_ERROR;
				CLANG_WARN_DOCUMENTATION_COMMENTS = YES;
				CLANG_WARN_EMPTY_BODY = YES;
				CLANG_WARN_ENUM_CONVERSION = YES;
				CLANG_WARN_INFINITE_RECURSION = YES;
				CLANG_WARN_INT_CONVERSION = YES;
				CLANG_WARN_NON_LITERAL_NULL_CONVERSION = YES;
				CLANG_WARN_OBJC_IMPLICIT_RETAIN_SELF = YES;
				CLANG_WARN_OBJC_LITERAL_CONVERSION = YES;
				CLANG_WARN_OBJC_ROOT_CLASS = YES_ERROR;
				CLANG_WARN_RANGE_LOOP_ANALYSIS = YES;
				CLANG_WARN_STRICT_PROTOTYPES = YES;
				CLANG_WARN_SUSPICIOUS_MOVE = YES;
				CLANG_WARN_UNGUARDED_AVAILABILITY = YES_AGGRESSIVE;
				CLANG_WARN_UNREACHABLE_CODE = YES;
				CLANG_WARN__DUPLICATE_METHOD_MATCH = YES;
				COPY_PHASE_STRIP = NO;
				DEBUG_INFORMATION_FORMAT = "dwarf-with-dsym";
				ENABLE_NS_ASSERTIONS = NO;
				ENABLE_STRICT_OBJC_MSGSEND = YES;
				GCC_C_LANGUAGE_STANDARD = gnu11;
				GCC_NO_COMMON_BLOCKS = YES;
				GCC_WARN_64_TO_32_BIT_CONVERSION = YES;
				GCC_WARN_ABOUT_RETURN_TYPE = YES_ERROR;
				GCC_WARN_UNDECLARED_SELECTOR = YES;
				GCC_WARN_UNINITIALIZED_AUTOS = YES_AGGRESSIVE;
				GCC_WARN_UNUSED_FUNCTION = YES;
				GCC_WARN_UNUSED_VARIABLE = YES;
				IPHONEOS_DEPLOYMENT_TARGET = 13.5;
				MTL_ENABLE_DEBUG_INFO = NO;
				MTL_FAST_MATH = YES;
				SDKROOT = iphoneos;
				SWIFT_COMPILATION_MODE = wholemodule;
				SWIFT_OPTIMIZATION_LEVEL = "-O";
				VALIDATE_PRODUCT = YES;
			};
			name = Release;
		};
		A6B04E3B27829EAA00BD6628 /* Debug */ = {
			isa = XCBuildConfiguration;
			buildSettings = {
				ASSETCATALOG_COMPILER_APPICON_NAME = AppIcon;
				CODE_SIGN_STYLE = Automatic;
				DEVELOPMENT_ASSET_PATHS = "\"HOGENT_Pokémon/Preview Content\"";
				ENABLE_PREVIEWS = YES;
				INFOPLIST_FILE = "HOGENT_Pokémon/Info.plist";
				LD_RUNPATH_SEARCH_PATHS = (
					"$(inherited)",
					"@executable_path/Frameworks",
				);
				PRODUCT_BUNDLE_IDENTIFIER = "HOGENT.HOGENT-Poke-mon";
				PRODUCT_NAME = "$(TARGET_NAME)";
				SWIFT_VERSION = 5.0;
				TARGETED_DEVICE_FAMILY = "1,2";
			};
			name = Debug;
		};
		A6B04E3C27829EAA00BD6628 /* Release */ = {
			isa = XCBuildConfiguration;
			buildSettings = {
				ASSETCATALOG_COMPILER_APPICON_NAME = AppIcon;
				CODE_SIGN_STYLE = Automatic;
				DEVELOPMENT_ASSET_PATHS = "\"HOGENT_Pokémon/Preview Content\"";
				ENABLE_PREVIEWS = YES;
				INFOPLIST_FILE = "HOGENT_Pokémon/Info.plist";
				LD_RUNPATH_SEARCH_PATHS = (
					"$(inherited)",
					"@executable_path/Frameworks",
				);
				PRODUCT_BUNDLE_IDENTIFIER = "HOGENT.HOGENT-Poke-mon";
				PRODUCT_NAME = "$(TARGET_NAME)";
				SWIFT_VERSION = 5.0;
				TARGETED_DEVICE_FAMILY = "1,2";
			};
			name = Release;
		};
/* End XCBuildConfiguration section */

/* Begin XCConfigurationList section */
		A6B04E2127829EA800BD6628 /* Build configuration list for PBXProject "HOGENT_Pokémon" */ = {
			isa = XCConfigurationList;
			buildConfigurations = (
				A6B04E3827829EAA00BD6628 /* Debug */,
				A6B04E3927829EAA00BD6628 /* Release */,
			);
			defaultConfigurationIsVisible = 0;
			defaultConfigurationName = Release;
		};
		A6B04E3A27829EAA00BD6628 /* Build configuration list for PBXNativeTarget "HOGENT_Pokémon" */ = {
			isa = XCConfigurationList;
			buildConfigurations = (
				A6B04E3B27829EAA00BD6628 /* Debug */,
				A6B04E3C27829EAA00BD6628 /* Release */,
			);
			defaultConfigurationIsVisible = 0;
			defaultConfigurationName = Release;
		};
/* End XCConfigurationList section */
	};
	rootObject = A6B04E1E27829EA800BD6628 /* Project object */;
}
